<?xml version="1.0" encoding="utf-8"?>
<Project ToolsVersion="4.0" xmlns="http://schemas.microsoft.com/developer/msbuild/2003">
  <ItemGroup>
    <Filter Include="소스 파일">
      <UniqueIdentifier>{4FC737F1-C7A5-4376-A066-2A32D752A2FF}</UniqueIdentifier>
      <Extensions>cpp;c;cc;cxx;def;odl;idl;hpj;bat;asm;asmx</Extensions>
    </Filter>
    <Filter Include="헤더 파일">
      <UniqueIdentifier>{93995380-89BD-4b04-88EB-625FBE52EBFB}</UniqueIdentifier>
      <Extensions>h;hpp;hxx;hm;inl;inc;xsd</Extensions>
    </Filter>
    <Filter Include="리소스 파일">
      <UniqueIdentifier>{67DA6AB6-F800-4c08-8B7A-83BB121AAD01}</UniqueIdentifier>
      <Extensions>rc;ico;cur;bmp;dlg;rc2;rct;bin;rgs;gif;jpg;jpeg;jpe;resx;tiff;tif;png;wav;mfcribbon-ms</Extensions>
    </Filter>
  </ItemGroup>
  <ItemGroup>
    <None Include="ReadMe.txt" />
    <None Include="res\jyl_HTRoom.rc2">
      <Filter>리소스 파일</Filter>
    </None>
    <None Include="res\jyl_HTRoom.ico">
      <Filter>리소스 파일</Filter>
    </None>
  </ItemGroup>
  <ItemGroup>
    <ClInclude Include="jyl_HTRoom.h">
      <Filter>헤더 파일</Filter>
    </ClInclude>
    <ClInclude Include="jyl_HTRoomDlg.h">
      <Filter>헤더 파일</Filter>
    </ClInclude>
    <ClInclude Include="stdafx.h">
      <Filter>헤더 파일</Filter>
    </ClInclude>
    <ClInclude Include="targetver.h">
      <Filter>헤더 파일</Filter>
    </ClInclude>
    <ClInclude Include="Resource.h">
      <Filter>헤더 파일</Filter>
    </ClInclude>
    <ClInclude Include="Dialog_Setup.h">
      <Filter>헤더 파일</Filter>
    </ClInclude>
    <ClInclude Include="Transparency.h">
      <Filter>헤더 파일</Filter>
    </ClInclude>
    <ClInclude Include="WindowAutoStart.h">
      <Filter>헤더 파일</Filter>
    </ClInclude>
    <ClInclude Include="ArrString.h">
      <Filter>헤더 파일</Filter>
    </ClInclude>
    <ClInclude Include="BitBtn.h">
      <Filter>헤더 파일</Filter>
    </ClInclude>
    <ClInclude Include="BitmapTool.h">
      <Filter>헤더 파일</Filter>
    </ClInclude>
    <ClInclude Include="Dialog_Detail.h">
      <Filter>헤더 파일</Filter>
    </ClInclude>
    <ClInclude Include="SocCom.h">
      <Filter>헤더 파일</Filter>
    </ClInclude>
    <ClInclude Include="SocServer.h">
      <Filter>헤더 파일</Filter>
    </ClInclude>
    <ClInclude Include="ServerMgr.h">
      <Filter>헤더 파일</Filter>
    </ClInclude>
    <ClInclude Include="ReptrList.h">
      <Filter>헤더 파일</Filter>
    </ClInclude>
    <ClInclude Include="MDBMgr.h">
      <Filter>헤더 파일</Filter>
    </ClInclude>
    <ClInclude Include="Dialog_Info.h">
      <Filter>헤더 파일</Filter>
    </ClInclude>
  </ItemGroup>
  <ItemGroup>
    <ClCompile Include="jyl_HTRoom.cpp">
      <Filter>소스 파일</Filter>
    </ClCompile>
    <ClCompile Include="jyl_HTRoomDlg.cpp">
      <Filter>소스 파일</Filter>
    </ClCompile>
    <ClCompile Include="stdafx.cpp">
      <Filter>소스 파일</Filter>
    </ClCompile>
    <ClCompile Include="Dialog_Setup.cpp">
      <Filter>소스 파일</Filter>
    </ClCompile>
    <ClCompile Include="Transparency.cpp">
      <Filter>소스 파일</Filter>
    </ClCompile>
    <ClCompile Include="WindowAutoStart.cpp">
      <Filter>소스 파일</Filter>
    </ClCompile>
    <ClCompile Include="ArrString.cpp">
      <Filter>소스 파일</Filter>
    </ClCompile>
    <ClCompile Include="BitBtn.cpp">
      <Filter>소스 파일</Filter>
    </ClCompile>
    <ClCompile Include="BitmapTool.cpp">
      <Filter>소스 파일</Filter>
    </ClCompile>
    <ClCompile Include="Dialog_Detail.cpp">
      <Filter>소스 파일</Filter>
    </ClCompile>
    <ClCompile Include="SocCom.cpp">
      <Filter>소스 파일</Filter>
    </ClCompile>
    <ClCompile Include="SocServer.cpp">
      <Filter>소스 파일</Filter>
    </ClCompile>
    <ClCompile Include="ServerMgr.cpp">
      <Filter>소스 파일</Filter>
    </ClCompile>
    <ClCompile Include="ReptrList.cpp">
      <Filter>소스 파일</Filter>
    </ClCompile>
    <ClCompile Include="MDBMgr.cpp">
      <Filter>소스 파일</Filter>
    </ClCompile>
    <ClCompile Include="Dialog_Info.cpp">
      <Filter>소스 파일</Filter>
    </ClCompile>
  </ItemGroup>
  <ItemGroup>
    <ResourceCompile Include="jyl_HTRoom.rc">
      <Filter>리소스 파일</Filter>
    </ResourceCompile>
  </ItemGroup>
</Project>