<?xml version="1.0" encoding="utf-8"?>
<Project ToolsVersion="4.0" xmlns="http://schemas.microsoft.com/developer/msbuild/2003">
  <ItemGroup>
    <Filter Include="소스 파일">
      <UniqueIdentifier>{4FC737F1-C7A5-4376-A066-2A32D752A2FF}</UniqueIdentifier>
      <Extensions>cpp;c;cc;cxx;def;odl;idl;hpj;bat;asm;asmx</Extensions>
    </Filter>
    <Filter Include="헤더 파일">
      <UniqueIdentifier>{93995380-89BD-4b04-88EB-625FBE52EBFB}</UniqueIdentifier>
      <Extensions>h;hpp;hxx;hm;inl;inc;xsd</Extensions>
    </Filter>
    <Filter Include="리소스 파일">
      <UniqueIdentifier>{67DA6AB6-F800-4c08-8B7A-83BB121AAD01}</UniqueIdentifier>
      <Extensions>rc;ico;cur;bmp;dlg;rc2;rct;bin;rgs;gif;jpg;jpeg;jpe;resx;tiff;tif;png;wav;mfcribbon-ms</Extensions>
    </Filter>
  </ItemGroup>
  <ItemGroup>
    <None Include="ReadMe.txt" />
    <None Include="res\jyl_class.rc2">
      <Filter>리소스 파일</Filter>
    </None>
    <None Include="res\jyl_class.ico">
      <Filter>리소스 파일</Filter>
    </None>
    <None Include="res\back_gnd.bmp">
      <Filter>리소스 파일</Filter>
    </None>
    <None Include="res\icon.ico">
      <Filter>리소스 파일</Filter>
    </None>
    <None Include="..\..\..\My Pictures\배경색.bmp">
      <Filter>리소스 파일</Filter>
    </None>
    <None Include="res.bmp">
      <Filter>리소스 파일</Filter>
    </None>
    <None Include="res\bitmap1.bmp">
      <Filter>리소스 파일</Filter>
    </None>
    <None Include="res\icon1.ico">
      <Filter>리소스 파일</Filter>
    </None>
    <None Include="res\set.bmp">
      <Filter>리소스 파일</Filter>
    </None>
    <None Include="..\..\..\My Pictures\그림1.png">
      <Filter>리소스 파일</Filter>
    </None>
    <None Include="그림1.png">
      <Filter>리소스 파일</Filter>
    </None>
    <None Include="res\그림3.bmp">
      <Filter>리소스 파일</Filter>
    </None>
    <None Include="res\bitmap3.bmp">
      <Filter>리소스 파일</Filter>
    </None>
    <None Include="res\그림5.bmp">
      <Filter>리소스 파일</Filter>
    </None>
    <None Include="res\그림4.bmp">
      <Filter>리소스 파일</Filter>
    </None>
    <None Include="res\그림3.1.bmp">
      <Filter>리소스 파일</Filter>
    </None>
    <None Include="res\그림5.1bmp.bmp">
      <Filter>리소스 파일</Filter>
    </None>
    <None Include="res\그림4.1bmp.bmp">
      <Filter>리소스 파일</Filter>
    </None>
    <None Include="res\Red_LED.bmp">
      <Filter>리소스 파일</Filter>
    </None>
    <None Include="res\Green_LED.bmp">
      <Filter>리소스 파일</Filter>
    </None>
    <None Include="res\Setup_None.bmp">
      <Filter>리소스 파일</Filter>
    </None>
    <None Include="res\Exit_None.bmp">
      <Filter>리소스 파일</Filter>
    </None>
    <None Include="res\Mini_None.bmp">
      <Filter>리소스 파일</Filter>
    </None>
    <None Include="res\Setup_Click.bmp">
      <Filter>리소스 파일</Filter>
    </None>
    <None Include="res\Exit_Click.bmp">
      <Filter>리소스 파일</Filter>
    </None>
    <None Include="res\Mini_Click.bmp">
      <Filter>리소스 파일</Filter>
    </None>
    <None Include="res\그라데이션.bmp">
      <Filter>리소스 파일</Filter>
    </None>
    <None Include="res\icon2.ico">
      <Filter>리소스 파일</Filter>
    </None>
  </ItemGroup>
  <ItemGroup>
    <ClInclude Include="jyl_class.h">
      <Filter>헤더 파일</Filter>
    </ClInclude>
    <ClInclude Include="jyl_classDlg.h">
      <Filter>헤더 파일</Filter>
    </ClInclude>
    <ClInclude Include="stdafx.h">
      <Filter>헤더 파일</Filter>
    </ClInclude>
    <ClInclude Include="targetver.h">
      <Filter>헤더 파일</Filter>
    </ClInclude>
    <ClInclude Include="Resource.h">
      <Filter>헤더 파일</Filter>
    </ClInclude>
    <ClInclude Include="Setup_Dlg.h">
      <Filter>헤더 파일</Filter>
    </ClInclude>
    <ClInclude Include="Transparency.h">
      <Filter>헤더 파일</Filter>
    </ClInclude>
    <ClInclude Include="WindowAutoStart.h">
      <Filter>헤더 파일</Filter>
    </ClInclude>
    <ClInclude Include="SerchPort.h">
      <Filter>헤더 파일</Filter>
    </ClInclude>
    <ClInclude Include="CommNetwork.h">
      <Filter>헤더 파일</Filter>
    </ClInclude>
    <ClInclude Include="SocketThread.h">
      <Filter>헤더 파일</Filter>
    </ClInclude>
    <ClInclude Include="ComSocket.h">
      <Filter>헤더 파일</Filter>
    </ClInclude>
    <ClInclude Include="BitBtn.h">
      <Filter>헤더 파일</Filter>
    </ClInclude>
    <ClInclude Include="BitmapTool.h">
      <Filter>헤더 파일</Filter>
    </ClInclude>
  </ItemGroup>
  <ItemGroup>
    <ClCompile Include="jyl_class.cpp">
      <Filter>소스 파일</Filter>
    </ClCompile>
    <ClCompile Include="jyl_classDlg.cpp">
      <Filter>소스 파일</Filter>
    </ClCompile>
    <ClCompile Include="stdafx.cpp">
      <Filter>소스 파일</Filter>
    </ClCompile>
    <ClCompile Include="Setup_Dlg.cpp">
      <Filter>소스 파일</Filter>
    </ClCompile>
    <ClCompile Include="Transparency.cpp">
      <Filter>소스 파일</Filter>
    </ClCompile>
    <ClCompile Include="WindowAutoStart.cpp">
      <Filter>소스 파일</Filter>
    </ClCompile>
    <ClCompile Include="SerchPort.cpp">
      <Filter>소스 파일</Filter>
    </ClCompile>
    <ClCompile Include="CommNetwork.cpp">
      <Filter>소스 파일</Filter>
    </ClCompile>
    <ClCompile Include="SocketThread.cpp">
      <Filter>소스 파일</Filter>
    </ClCompile>
    <ClCompile Include="ComSocket.cpp">
      <Filter>소스 파일</Filter>
    </ClCompile>
    <ClCompile Include="BitBtn.cpp">
      <Filter>소스 파일</Filter>
    </ClCompile>
    <ClCompile Include="BitmapTool.cpp">
      <Filter>소스 파일</Filter>
    </ClCompile>
  </ItemGroup>
  <ItemGroup>
    <ResourceCompile Include="jyl_class.rc">
      <Filter>리소스 파일</Filter>
    </ResourceCompile>
  </ItemGroup>
</Project>